
Microsoft Visual Studio Solution File, Format Version 12.00
# Visual Studio Version 17
VisualStudioVersion = 17.0.32126.317
MinimumVisualStudioVersion = 10.0.40219.1
Project("{8BC9CEB8-8B4A-11D0-8D11-00A0C91BC942}") = "MagicWheelAndKeys", "MagicWheelAndKeys.vcxproj", "{1B6AC4DF-2E95-45C8-A50A-D2CD25A54811}"
EndProject
Global
	GlobalSection(SolutionConfigurationPlatforms) = preSolution
		Debug|x64 = Debug|x64
		Debug|x86 = Debug|x86
		Release|x64 = Release|x64
		Release|x86 = Release|x86
	EndGlobalSection
	GlobalSection(ProjectConfigurationPlatforms) = postSolution
		{1B6AC4DF-2E95-45C8-A50A-D2CD25A54811}.Debug|x64.ActiveCfg = Debug|x64
		{1B6AC4DF-2E95-45C8-A50A-D2CD25A54811}.Debug|x64.Build.0 = Debug|x64
		{1B6AC4DF-2E95-45C8-A50A-D2CD25A54811}.Debug|x86.ActiveCfg = Debug|Win32
		{1B6AC4DF-2E95-45C8-A50A-D2CD25A54811}.Debug|x86.Build.0 = Debug|Win32
		{1B6AC4DF-2E95-45C8-A50A-D2CD25A54811}.Release|x64.ActiveCfg = Release|x64
		{1B6AC4DF-2E95-45C8-A50A-D2CD25A54811}.Release|x64.Build.0 = Release|x64
		{1B6AC4DF-2E95-45C8-A50A-D2CD25A54811}.Release|x86.ActiveCfg = Release|Win32
		{1B6AC4DF-2E95-45C8-A50A-D2CD25A54811}.Release|x86.Build.0 = Release|Win32
	EndGlobalSection
	GlobalSection(SolutionProperties) = preSolution
		HideSolutionNode = FALSE
	EndGlobalSection
	GlobalSection(ExtensibilityGlobals) = postSolution
		SolutionGuid = {62725F39-18B8-4F17-9148-620D75EF5DF0}
	EndGlobalSection
EndGlobal
